
Microsoft Visual Studio Solution File, Format Version 12.00
# Visual Studio Version 17
VisualStudioVersion = 17.0.31903.59
MinimumVisualStudioVersion = 10.0.40219.1
Project("{2150E333-8FDC-42A3-9474-1A3956D46DE8}") = "src", "src", "{827E0CD3-B72D-47B6-A68D-7590B98EB39B}"
EndProject
Project("{FAE04EC0-301F-11D3-BF4B-00C04F79EFBC}") = "Pvm.Api", "src\Pvm.Api\Pvm.Api.csproj", "{5B3CD4E8-4E11-4178-BA1E-F1BF9356DB04}"
EndProject
Project("{FAE04EC0-301F-11D3-BF4B-00C04F79EFBC}") = "Pvm.Application", "src\Pvm.Application\Pvm.Application.csproj", "{37B996B6-6A6F-43F4-9560-77D5F014688D}"
EndProject
Project("{FAE04EC0-301F-11D3-BF4B-00C04F79EFBC}") = "Pvm.Domain", "src\Pvm.Domain\Pvm.Domain.csproj", "{2A354A3B-288F-4866-8714-DD82FF9C3DE9}"
EndProject
Project("{FAE04EC0-301F-11D3-BF4B-00C04F79EFBC}") = "Pvm.Infrastructure", "src\Pvm.Infrastructure\Pvm.Infrastructure.csproj", "{25C5CF72-FCBD-4BE7-93A3-7001E8BC2DE8}"
EndProject
Project("{2150E333-8FDC-42A3-9474-1A3956D46DE8}") = "tests", "tests", "{0AB3BF05-4346-4AA6-1389-037BE0695223}"
EndProject
Project("{FAE04EC0-301F-11D3-BF4B-00C04F79EFBC}") = "Pvm.Domain.Tests", "tests\Pvm.Domain.Tests\Pvm.Domain.Tests.csproj", "{405CA843-81A5-4CE6-951E-BF77C45A026F}"
EndProject
Project("{FAE04EC0-301F-11D3-BF4B-00C04F79EFBC}") = "Pvm.Application.Tests", "tests\Pvm.Application.Tests\Pvm.Application.Tests.csproj", "{64806D82-279C-4D2B-8423-B1D2A50B95A4}"
EndProject
Project("{FAE04EC0-301F-11D3-BF4B-00C04F79EFBC}") = "Pvm.Infrastructure.Tests", "tests\Pvm.Infrastructure.Tests\Pvm.Infrastructure.Tests.csproj", "{2860F297-CB60-4857-AC3E-CBAAD928CF07}"
EndProject
Global
	GlobalSection(SolutionConfigurationPlatforms) = preSolution
		Debug|Any CPU = Debug|Any CPU
		Debug|x64 = Debug|x64
		Debug|x86 = Debug|x86
		Release|Any CPU = Release|Any CPU
		Release|x64 = Release|x64
		Release|x86 = Release|x86
	EndGlobalSection
	GlobalSection(ProjectConfigurationPlatforms) = postSolution
		{5B3CD4E8-4E11-4178-BA1E-F1BF9356DB04}.Debug|Any CPU.ActiveCfg = Debug|Any CPU
		{5B3CD4E8-4E11-4178-BA1E-F1BF9356DB04}.Debug|Any CPU.Build.0 = Debug|Any CPU
		{5B3CD4E8-4E11-4178-BA1E-F1BF9356DB04}.Debug|x64.ActiveCfg = Debug|Any CPU
		{5B3CD4E8-4E11-4178-BA1E-F1BF9356DB04}.Debug|x64.Build.0 = Debug|Any CPU
		{5B3CD4E8-4E11-4178-BA1E-F1BF9356DB04}.Debug|x86.ActiveCfg = Debug|Any CPU
		{5B3CD4E8-4E11-4178-BA1E-F1BF9356DB04}.Debug|x86.Build.0 = Debug|Any CPU
		{5B3CD4E8-4E11-4178-BA1E-F1BF9356DB04}.Release|Any CPU.ActiveCfg = Release|Any CPU
		{5B3CD4E8-4E11-4178-BA1E-F1BF9356DB04}.Release|Any CPU.Build.0 = Release|Any CPU
		{5B3CD4E8-4E11-4178-BA1E-F1BF9356DB04}.Release|x64.ActiveCfg = Release|Any CPU
		{5B3CD4E8-4E11-4178-BA1E-F1BF9356DB04}.Release|x64.Build.0 = Release|Any CPU
		{5B3CD4E8-4E11-4178-BA1E-F1BF9356DB04}.Release|x86.ActiveCfg = Release|Any CPU
		{5B3CD4E8-4E11-4178-BA1E-F1BF9356DB04}.Release|x86.Build.0 = Release|Any CPU
		{37B996B6-6A6F-43F4-9560-77D5F014688D}.Debug|Any CPU.ActiveCfg = Debug|Any CPU
		{37B996B6-6A6F-43F4-9560-77D5F014688D}.Debug|Any CPU.Build.0 = Debug|Any CPU
		{37B996B6-6A6F-43F4-9560-77D5F014688D}.Debug|x64.ActiveCfg = Debug|Any CPU
		{37B996B6-6A6F-43F4-9560-77D5F014688D}.Debug|x64.Build.0 = Debug|Any CPU
		{37B996B6-6A6F-43F4-9560-77D5F014688D}.Debug|x86.ActiveCfg = Debug|Any CPU
		{37B996B6-6A6F-43F4-9560-77D5F014688D}.Debug|x86.Build.0 = Debug|Any CPU
		{37B996B6-6A6F-43F4-9560-77D5F014688D}.Release|Any CPU.ActiveCfg = Release|Any CPU
		{37B996B6-6A6F-43F4-9560-77D5F014688D}.Release|Any CPU.Build.0 = Release|Any CPU
		{37B996B6-6A6F-43F4-9560-77D5F014688D}.Release|x64.ActiveCfg = Release|Any CPU
		{37B996B6-6A6F-43F4-9560-77D5F014688D}.Release|x64.Build.0 = Release|Any CPU
		{37B996B6-6A6F-43F4-9560-77D5F014688D}.Release|x86.ActiveCfg = Release|Any CPU
		{37B996B6-6A6F-43F4-9560-77D5F014688D}.Release|x86.Build.0 = Release|Any CPU
		{2A354A3B-288F-4866-8714-DD82FF9C3DE9}.Debug|Any CPU.ActiveCfg = Debug|Any CPU
		{2A354A3B-288F-4866-8714-DD82FF9C3DE9}.Debug|Any CPU.Build.0 = Debug|Any CPU
		{2A354A3B-288F-4866-8714-DD82FF9C3DE9}.Debug|x64.ActiveCfg = Debug|Any CPU
		{2A354A3B-288F-4866-8714-DD82FF9C3DE9}.Debug|x64.Build.0 = Debug|Any CPU
		{2A354A3B-288F-4866-8714-DD82FF9C3DE9}.Debug|x86.ActiveCfg = Debug|Any CPU
		{2A354A3B-288F-4866-8714-DD82FF9C3DE9}.Debug|x86.Build.0 = Debug|Any CPU
		{2A354A3B-288F-4866-8714-DD82FF9C3DE9}.Release|Any CPU.ActiveCfg = Release|Any CPU
		{2A354A3B-288F-4866-8714-DD82FF9C3DE9}.Release|Any CPU.Build.0 = Release|Any CPU
		{2A354A3B-288F-4866-8714-DD82FF9C3DE9}.Release|x64.ActiveCfg = Release|Any CPU
		{2A354A3B-288F-4866-8714-DD82FF9C3DE9}.Release|x64.Build.0 = Release|Any CPU
		{2A354A3B-288F-4866-8714-DD82FF9C3DE9}.Release|x86.ActiveCfg = Release|Any CPU
		{2A354A3B-288F-4866-8714-DD82FF9C3DE9}.Release|x86.Build.0 = Release|Any CPU
		{25C5CF72-FCBD-4BE7-93A3-7001E8BC2DE8}.Debug|Any CPU.ActiveCfg = Debug|Any CPU
		{25C5CF72-FCBD-4BE7-93A3-7001E8BC2DE8}.Debug|Any CPU.Build.0 = Debug|Any CPU
		{25C5CF72-FCBD-4BE7-93A3-7001E8BC2DE8}.Debug|x64.ActiveCfg = Debug|Any CPU
		{25C5CF72-FCBD-4BE7-93A3-7001E8BC2DE8}.Debug|x64.Build.0 = Debug|Any CPU
		{25C5CF72-FCBD-4BE7-93A3-7001E8BC2DE8}.Debug|x86.ActiveCfg = Debug|Any CPU
		{25C5CF72-FCBD-4BE7-93A3-7001E8BC2DE8}.Debug|x86.Build.0 = Debug|Any CPU
		{25C5CF72-FCBD-4BE7-93A3-7001E8BC2DE8}.Release|Any CPU.ActiveCfg = Release|Any CPU
		{25C5CF72-FCBD-4BE7-93A3-7001E8BC2DE8}.Release|Any CPU.Build.0 = Release|Any CPU
		{25C5CF72-FCBD-4BE7-93A3-7001E8BC2DE8}.Release|x64.ActiveCfg = Release|Any CPU
		{25C5CF72-FCBD-4BE7-93A3-7001E8BC2DE8}.Release|x64.Build.0 = Release|Any CPU
		{25C5CF72-FCBD-4BE7-93A3-7001E8BC2DE8}.Release|x86.ActiveCfg = Release|Any CPU
		{25C5CF72-FCBD-4BE7-93A3-7001E8BC2DE8}.Release|x86.Build.0 = Release|Any CPU
		{405CA843-81A5-4CE6-951E-BF77C45A026F}.Debug|Any CPU.ActiveCfg = Debug|Any CPU
		{405CA843-81A5-4CE6-951E-BF77C45A026F}.Debug|Any CPU.Build.0 = Debug|Any CPU
		{405CA843-81A5-4CE6-951E-BF77C45A026F}.Debug|x64.ActiveCfg = Debug|Any CPU
		{405CA843-81A5-4CE6-951E-BF77C45A026F}.Debug|x64.Build.0 = Debug|Any CPU
		{405CA843-81A5-4CE6-951E-BF77C45A026F}.Debug|x86.ActiveCfg = Debug|Any CPU
		{405CA843-81A5-4CE6-951E-BF77C45A026F}.Debug|x86.Build.0 = Debug|Any CPU
		{405CA843-81A5-4CE6-951E-BF77C45A026F}.Release|Any CPU.ActiveCfg = Release|Any CPU
		{405CA843-81A5-4CE6-951E-BF77C45A026F}.Release|Any CPU.Build.0 = Release|Any CPU
		{405CA843-81A5-4CE6-951E-BF77C45A026F}.Release|x64.ActiveCfg = Release|Any CPU
		{405CA843-81A5-4CE6-951E-BF77C45A026F}.Release|x64.Build.0 = Release|Any CPU
		{405CA843-81A5-4CE6-951E-BF77C45A026F}.Release|x86.ActiveCfg = Release|Any CPU
		{405CA843-81A5-4CE6-951E-BF77C45A026F}.Release|x86.Build.0 = Release|Any CPU
		{64806D82-279C-4D2B-8423-B1D2A50B95A4}.Debug|Any CPU.ActiveCfg = Debug|Any CPU
		{64806D82-279C-4D2B-8423-B1D2A50B95A4}.Debug|Any CPU.Build.0 = Debug|Any CPU
		{64806D82-279C-4D2B-8423-B1D2A50B95A4}.Debug|x64.ActiveCfg = Debug|Any CPU
		{64806D82-279C-4D2B-8423-B1D2A50B95A4}.Debug|x64.Build.0 = Debug|Any CPU
		{64806D82-279C-4D2B-8423-B1D2A50B95A4}.Debug|x86.ActiveCfg = Debug|Any CPU
		{64806D82-279C-4D2B-8423-B1D2A50B95A4}.Debug|x86.Build.0 = Debug|Any CPU
		{64806D82-279C-4D2B-8423-B1D2A50B95A4}.Release|Any CPU.ActiveCfg = Release|Any CPU
		{64806D82-279C-4D2B-8423-B1D2A50B95A4}.Release|Any CPU.Build.0 = Release|Any CPU
		{64806D82-279C-4D2B-8423-B1D2A50B95A4}.Release|x64.ActiveCfg = Release|Any CPU
		{64806D82-279C-4D2B-8423-B1D2A50B95A4}.Release|x64.Build.0 = Release|Any CPU
		{64806D82-279C-4D2B-8423-B1D2A50B95A4}.Release|x86.ActiveCfg = Release|Any CPU
		{64806D82-279C-4D2B-8423-B1D2A50B95A4}.Release|x86.Build.0 = Release|Any CPU
		{2860F297-CB60-4857-AC3E-CBAAD928CF07}.Debug|Any CPU.ActiveCfg = Debug|Any CPU
		{2860F297-CB60-4857-AC3E-CBAAD928CF07}.Debug|Any CPU.Build.0 = Debug|Any CPU
		{2860F297-CB60-4857-AC3E-CBAAD928CF07}.Debug|x64.ActiveCfg = Debug|Any CPU
		{2860F297-CB60-4857-AC3E-CBAAD928CF07}.Debug|x64.Build.0 = Debug|Any CPU
		{2860F297-CB60-4857-AC3E-CBAAD928CF07}.Debug|x86.ActiveCfg = Debug|Any CPU
		{2860F297-CB60-4857-AC3E-CBAAD928CF07}.Debug|x86.Build.0 = Debug|Any CPU
		{2860F297-CB60-4857-AC3E-CBAAD928CF07}.Release|Any CPU.ActiveCfg = Release|Any CPU
		{2860F297-CB60-4857-AC3E-CBAAD928CF07}.Release|Any CPU.Build.0 = Release|Any CPU
		{2860F297-CB60-4857-AC3E-CBAAD928CF07}.Release|x64.ActiveCfg = Release|Any CPU
		{2860F297-CB60-4857-AC3E-CBAAD928CF07}.Release|x64.Build.0 = Release|Any CPU
		{2860F297-CB60-4857-AC3E-CBAAD928CF07}.Release|x86.ActiveCfg = Release|Any CPU
		{2860F297-CB60-4857-AC3E-CBAAD928CF07}.Release|x86.Build.0 = Release|Any CPU
	EndGlobalSection
	GlobalSection(SolutionProperties) = preSolution
		HideSolutionNode = FALSE
	EndGlobalSection
	GlobalSection(NestedProjects) = preSolution
		{5B3CD4E8-4E11-4178-BA1E-F1BF9356DB04} = {827E0CD3-B72D-47B6-A68D-7590B98EB39B}
		{37B996B6-6A6F-43F4-9560-77D5F014688D} = {827E0CD3-B72D-47B6-A68D-7590B98EB39B}
		{2A354A3B-288F-4866-8714-DD82FF9C3DE9} = {827E0CD3-B72D-47B6-A68D-7590B98EB39B}
		{25C5CF72-FCBD-4BE7-93A3-7001E8BC2DE8} = {827E0CD3-B72D-47B6-A68D-7590B98EB39B}
		{405CA843-81A5-4CE6-951E-BF77C45A026F} = {0AB3BF05-4346-4AA6-1389-037BE0695223}
		{64806D82-279C-4D2B-8423-B1D2A50B95A4} = {0AB3BF05-4346-4AA6-1389-037BE0695223}
		{2860F297-CB60-4857-AC3E-CBAAD928CF07} = {0AB3BF05-4346-4AA6-1389-037BE0695223}
	EndGlobalSection
EndGlobal
